// !$*UTF8*$!
{
	archiveVersion = 1;
	classes = {
	};
	objectVersion = 46;
	objects = {

/* Begin PBXBuildFile section */
		A721D0A41E25021B004FC823 /* AppDelegate.swift in Sources */ = {isa = PBXBuildFile; fileRef = A721D0A31E25021B004FC823 /* AppDelegate.swift */; };
		A721D0A61E25021B004FC823 /* ViewController.swift in Sources */ = {isa = PBXBuildFile; fileRef = A721D0A51E25021B004FC823 /* ViewController.swift */; };
		A721D0A91E25021B004FC823 /* Main.storyboard in Resources */ = {isa = PBXBuildFile; fileRef = A721D0A71E25021B004FC823 /* Main.storyboard */; };
		A721D0AC1E25021B004FC823 /* ReactiveApp.xcdatamodeld in Sources */ = {isa = PBXBuildFile; fileRef = A721D0AA1E25021B004FC823 /* ReactiveApp.xcdatamodeld */; };
		A721D0AE1E25021B004FC823 /* Assets.xcassets in Resources */ = {isa = PBXBuildFile; fileRef = A721D0AD1E25021B004FC823 /* Assets.xcassets */; };
		A721D0B11E25021B004FC823 /* LaunchScreen.storyboard in Resources */ = {isa = PBXBuildFile; fileRef = A721D0AF1E25021B004FC823 /* LaunchScreen.storyboard */; };
/* End PBXBuildFile section */

/* Begin PBXFileReference section */
		A721D0A01E25021B004FC823 /* ReactiveApp.app */ = {isa = PBXFileReference; explicitFileType = wrapper.application; includeInIndex = 0; path = ReactiveApp.app; sourceTree = BUILT_PRODUCTS_DIR; };
		A721D0A31E25021B004FC823 /* AppDelegate.swift */ = {isa = PBXFileReference; lastKnownFileType = sourcecode.swift; path = AppDelegate.swift; sourceTree = "<group>"; };
		A721D0A51E25021B004FC823 /* ViewController.swift */ = {isa = PBXFileReference; lastKnownFileType = sourcecode.swift; path = ViewController.swift; sourceTree = "<group>"; };
		A721D0A81E25021B004FC823 /* Base */ = {isa = PBXFileReference; lastKnownFileType = file.storyboard; name = Base; path = Base.lproj/Main.storyboard; sourceTree = "<group>"; };
		A721D0AB1E25021B004FC823 /* ReactiveApp.xcdatamodel */ = {isa = PBXFileReference; lastKnownFileType = wrapper.xcdatamodel; path = ReactiveApp.xcdatamodel; sourceTree = "<group>"; };
		A721D0AD1E25021B004FC823 /* Assets.xcassets */ = {isa = PBXFileReference; lastKnownFileType = folder.assetcatalog; path = Assets.xcassets; sourceTree = "<group>"; };
		A721D0B01E25021B004FC823 /* Base */ = {isa = PBXFileReference; lastKnownFileType = file.storyboard; name = Base; path = Base.lproj/LaunchScreen.storyboard; sourceTree = "<group>"; };
		A721D0B21E25021C004FC823 /* Info.plist */ = {isa = PBXFileReference; lastKnownFileType = text.plist.xml; path = Info.plist; sourceTree = "<group>"; };
/* End PBXFileReference section */

/* Begin PBXFrameworksBuildPhase section */
		A721D09D1E25021B004FC823 /* Frameworks */ = {
			isa = PBXFrameworksBuildPhase;
			buildActionMask = 2147483647;
			files = (
			);
			runOnlyForDeploymentPostprocessing = 0;
		};
/* End PBXFrameworksBuildPhase section */

/* Begin PBXGroup section */
		A721D0971E25021A004FC823 = {
			isa = PBXGroup;
			children = (
				A721D0A21E25021B004FC823 /* ReactiveApp */,
				A721D0A11E25021B004FC823 /* Products */,
			);
			sourceTree = "<group>";
		};
		A721D0A11E25021B004FC823 /* Products */ = {
			isa = PBXGroup;
			children = (
				A721D0A01E25021B004FC823 /* ReactiveApp.app */,
			);
			name = Products;
			sourceTree = "<group>";
		};
		A721D0A21E25021B004FC823 /* ReactiveApp */ = {
			isa = PBXGroup;
			children = (
				A721D0A31E25021B004FC823 /* AppDelegate.swift */,
				A721D0A51E25021B004FC823 /* ViewController.swift */,
				A721D0A71E25021B004FC823 /* Main.storyboard */,
				A721D0AD1E25021B004FC823 /* Assets.xcassets */,
				A721D0AF1E25021B004FC823 /* LaunchScreen.storyboard */,
				A721D0B21E25021C004FC823 /* Info.plist */,
				A721D0AA1E25021B004FC823 /* ReactiveApp.xcdatamodeld */,
			);
			path = ReactiveApp;
			sourceTree = "<group>";
		};
/* End PBXGroup section */

/* Begin PBXNativeTarget section */
		A721D09F1E25021B004FC823 /* ReactiveApp */ = {
			isa = PBXNativeTarget;
			buildConfigurationList = A721D0B51E25021C004FC823 /* Build configuration list for PBXNativeTarget "ReactiveApp" */;
			buildPhases = (
				A721D09C1E25021B004FC823 /* Sources */,
				A721D09D1E25021B004FC823 /* Frameworks */,
				A721D09E1E25021B004FC823 /* Resources */,
			);
			buildRules = (
			);
			dependencies = (
			);
			name = ReactiveApp;
			productName = ReactiveApp;
			productReference = A721D0A01E25021B004FC823 /* ReactiveApp.app */;
			productType = "com.apple.product-type.application";
		};
/* End PBXNativeTarget section */

/* Begin PBXProject section */
		A721D0981E25021B004FC823 /* Project object */ = {
			isa = PBXProject;
			attributes = {
				LastSwiftUpdateCheck = 0730;
				LastUpgradeCheck = 0730;
				ORGANIZATIONNAME = cognizant;
				TargetAttributes = {
					A721D09F1E25021B004FC823 = {
						CreatedOnToolsVersion = 7.3.1;
					};
				};
			};
			buildConfigurationList = A721D09B1E25021B004FC823 /* Build configuration list for PBXProject "ReactiveApp" */;
			compatibilityVersion = "Xcode 3.2";
			developmentRegion = English;
			hasScannedForEncodings = 0;
			knownRegions = (
				en,
				Base,
			);
			mainGroup = A721D0971E25021A004FC823;
			productRefGroup = A721D0A11E25021B004FC823 /* Products */;
			projectDirPath = "";
			projectRoot = "";
			targets = (
				A721D09F1E25021B004FC823 /* ReactiveApp */,
			);
		};
/* End PBXProject section */

/* Begin PBXResourcesBuildPhase section */
		A721D09E1E25021B004FC823 /* Resources */ = {
			isa = PBXResourcesBuildPhase;
			buildActionMask = 2147483647;
			files = (
				A721D0B11E25021B004FC823 /* LaunchScreen.storyboard in Resources */,
				A721D0AE1E25021B004FC823 /* Assets.xcassets in Resources */,
				A721D0A91E25021B004FC823 /* Main.storyboard in Resources */,
			);
			runOnlyForDeploymentPostprocessing = 0;
		};
/* End PBXResourcesBuildPhase section */

/* Begin PBXSourcesBuildPhase section */
		A721D09C1E25021B004FC823 /* Sources */ = {
			isa = PBXSourcesBuildPhase;
			buildActionMask = 2147483647;
			files = (
				A721D0A61E25021B004FC823 /* ViewController.swift in Sources */,
				A721D0A41E25021B004FC823 /* AppDelegate.swift in Sources */,
				A721D0AC1E25021B004FC823 /* ReactiveApp.xcdatamodeld in Sources */,
			);
			runOnlyForDeploymentPostprocessing = 0;
		};
/* End PBXSourcesBuildPhase section */

/* Begin PBXVariantGroup section */
		A721D0A71E25021B004FC823 /* Main.storyboard */ = {
			isa = PBXVariantGroup;
			children = (
				A721D0A81E25021B004FC823 /* Base */,
			);
			name = Main.storyboard;
			sourceTree = "<group>";
		};
		A721D0AF1E25021B004FC823 /* LaunchScreen.storyboard */ = {
			isa = PBXVariantGroup;
			children = (
				A721D0B01E25021B004FC823 /* Base */,
			);
			name = LaunchScreen.storyboard;
			sourceTree = "<group>";
		};
/* End PBXVariantGroup section */

/* Begin XCBuildConfiguration section */
		A721D0B31E25021C004FC823 /* Debug */ = {
			isa = XCBuildConfiguration;
			buildSettings = {
				ALWAYS_SEARCH_USER_PATHS = NO;
				CLANG_ANALYZER_NONNULL = YES;
				CLANG_CXX_LANGUAGE_STANDARD = "gnu++0x";
				CLANG_CXX_LIBRARY = "libc++";
				CLANG_ENABLE_MODULES = YES;
				CLANG_ENABLE_OBJC_ARC = YES;
				CLANG_WARN_BOOL_CONVERSION = YES;
				CLANG_WARN_CONSTANT_CONVERSION = YES;
				CLANG_WARN_DIRECT_OBJC_ISA_USAGE = YES_ERROR;
				CLANG_WARN_EMPTY_BODY = YES;
				CLANG_WARN_ENUM_CONVERSION = YES;
				CLANG_WARN_INT_CONVERSION = YES;
				CLANG_WARN_OBJC_ROOT_CLASS = YES_ERROR;
				CLANG_WARN_UNREACHABLE_CODE = YES;
				CLANG_WARN__DUPLICATE_METHOD_MATCH = YES;
				"CODE_SIGN_IDENTITY[sdk=iphoneos*]" = "iPhone Developer";
				COPY_PHASE_STRIP = NO;
				DEBUG_INFORMATION_FORMAT = dwarf;
				ENABLE_STRICT_OBJC_MSGSEND = YES;
				ENABLE_TESTABILITY = YES;
				GCC_C_LANGUAGE_STANDARD = gnu99;
				GCC_DYNAMIC_NO_PIC = NO;
				GCC_NO_COMMON_BLOCKS = YES;
				GCC_OPTIMIZATION_LEVEL = 0;
				GCC_PREPROCESSOR_DEFINITIONS = (
					"DEBUG=1",
					"$(inherited)",
				);
				GCC_WARN_64_TO_32_BIT_CONVERSION = YES;
				GCC_WARN_ABOUT_RETURN_TYPE = YES_ERROR;
				GCC_WARN_UNDECLARED_SELECTOR = YES;
				GCC_WARN_UNINITIALIZED_AUTOS = YES_AGGRESSIVE;
				GCC_WARN_UNUSED_FUNCTION = YES;
				GCC_WARN_UNUSED_VARIABLE = YES;
				IPHONEOS_DEPLOYMENT_TARGET = 9.3;
				MTL_ENABLE_DEBUG_INFO = YES;
				ONLY_ACTIVE_ARCH = YES;
				SDKROOT = iphoneos;
				SWIFT_OPTIMIZATION_LEVEL = "-Onone";
				TARGETED_DEVICE_FAMILY = "1,2";
			};
			name = Debug;
		};
		A721D0B41E25021C004FC823 /* Release */ = {
			isa = XCBuildConfiguration;
			buildSettings = {
				ALWAYS_SEARCH_USER_PATHS = NO;
				CLANG_ANALYZER_NONNULL = YES;
				CLANG_CXX_LANGUAGE_STANDARD = "gnu++0x";
				CLANG_CXX_LIBRARY = "libc++";
				CLANG_ENABLE_MODULES = YES;
				CLANG_ENABLE_OBJC_ARC = YES;
				CLANG_WARN_BOOL_CONVERSION = YES;
				CLANG_WARN_CONSTANT_CONVERSION = YES;
				CLANG_WARN_DIRECT_OBJC_ISA_USAGE = YES_ERROR;
				CLANG_WARN_EMPTY_BODY = YES;
				CLANG_WARN_ENUM_CONVERSION = YES;
				CLANG_WARN_INT_CONVERSION = YES;
				CLANG_WARN_OBJC_ROOT_CLASS = YES_ERROR;
				CLANG_WARN_UNREACHABLE_CODE = YES;
				CLANG_WARN__DUPLICATE_METHOD_MATCH = YES;
				"CODE_SIGN_IDENTITY[sdk=iphoneos*]" = "iPhone Developer";
				COPY_PHASE_STRIP = NO;
				DEBUG_INFORMATION_FORMAT = "dwarf-with-dsym";
				ENABLE_NS_ASSERTIONS = NO;
				ENABLE_STRICT_OBJC_MSGSEND = YES;
				GCC_C_LANGUAGE_STANDARD = gnu99;
				GCC_NO_COMMON_BLOCKS = YES;
				GCC_WARN_64_TO_32_BIT_CONVERSION = YES;
				GCC_WARN_ABOUT_RETURN_TYPE = YES_ERROR;
				GCC_WARN_UNDECLARED_SELECTOR = YES;
				GCC_WARN_UNINITIALIZED_AUTOS = YES_AGGRESSIVE;
				GCC_WARN_UNUSED_FUNCTION = YES;
				GCC_WARN_UNUSED_VARIABLE = YES;
				IPHONEOS_DEPLOYMENT_TARGET = 9.3;
				MTL_ENABLE_DEBUG_INFO = NO;
				SDKROOT = iphoneos;
				TARGETED_DEVICE_FAMILY = "1,2";
				VALIDATE_PRODUCT = YES;
			};
			name = Release;
		};
		A721D0B61E25021C004FC823 /* Debug */ = {
			isa = XCBuildConfiguration;
			buildSettings = {
				ASSETCATALOG_COMPILER_APPICON_NAME = AppIcon;
				INFOPLIST_FILE = ReactiveApp/Info.plist;
				LD_RUNPATH_SEARCH_PATHS = "$(inherited) @executable_path/Frameworks";
				PRODUCT_BUNDLE_IDENTIFIER = com.ReactiveApp;
				PRODUCT_NAME = "$(TARGET_NAME)";
			};
			name = Debug;
		};
		A721D0B71E25021C004FC823 /* Release */ = {
			isa = XCBuildConfiguration;
			buildSettings = {
				ASSETCATALOG_COMPILER_APPICON_NAME = AppIcon;
				INFOPLIST_FILE = ReactiveApp/Info.plist;
				LD_RUNPATH_SEARCH_PATHS = "$(inherited) @executable_path/Frameworks";
				PRODUCT_BUNDLE_IDENTIFIER = com.ReactiveApp;
				PRODUCT_NAME = "$(TARGET_NAME)";
			};
			name = Release;
		};
/* End XCBuildConfiguration section */

/* Begin XCConfigurationList section */
		A721D09B1E25021B004FC823 /* Build configuration list for PBXProject "ReactiveApp" */ = {
			isa = XCConfigurationList;
			buildConfigurations = (
				A721D0B31E25021C004FC823 /* Debug */,
				A721D0B41E25021C004FC823 /* Release */,
			);
			defaultConfigurationIsVisible = 0;
			defaultConfigurationName = Release;
		};
		A721D0B51E25021C004FC823 /* Build configuration list for PBXNativeTarget "ReactiveApp" */ = {
			isa = XCConfigurationList;
			buildConfigurations = (
				A721D0B61E25021C004FC823 /* Debug */,
				A721D0B71E25021C004FC823 /* Release */,
			);
			defaultConfigurationIsVisible = 0;
		};
/* End XCConfigurationList section */

/* Begin XCVersionGroup section */
		A721D0AA1E25021B004FC823 /* ReactiveApp.xcdatamodeld */ = {
			isa = XCVersionGroup;
			children = (
				A721D0AB1E25021B004FC823 /* ReactiveApp.xcdatamodel */,
			);
			currentVersion = A721D0AB1E25021B004FC823 /* ReactiveApp.xcdatamodel */;
			path = ReactiveApp.xcdatamodeld;
			sourceTree = "<group>";
			versionGroupType = wrapper.xcdatamodel;
		};
/* End XCVersionGroup section */
	};
	rootObject = A721D0981E25021B004FC823 /* Project object */;
}
